<?xml version="1.0" encoding="utf-8"?>
<Project ToolsVersion="4.0" xmlns="http://schemas.microsoft.com/developer/msbuild/2003">
  <ItemGroup>
    <Filter Include="Исходные файлы">
      <UniqueIdentifier>{4FC737F1-C7A5-4376-A066-2A32D752A2FF}</UniqueIdentifier>
      <Extensions>cpp;c;cc;cxx;c++;cppm;ixx;def;odl;idl;hpj;bat;asm;asmx</Extensions>
    </Filter>
    <Filter Include="Файлы заголовков">
      <UniqueIdentifier>{93995380-89BD-4b04-88EB-625FBE52EBFB}</UniqueIdentifier>
      <Extensions>h;hh;hpp;hxx;h++;hm;inl;inc;ipp;xsd</Extensions>
    </Filter>
    <Filter Include="Файлы ресурсов">
      <UniqueIdentifier>{67DA6AB6-F800-4c08-8B7A-83BB121AAD01}</UniqueIdentifier>
      <Extensions>rc;ico;cur;bmp;dlg;rc2;rct;bin;rgs;gif;jpg;jpeg;jpe;resx;tiff;tif;png;wav;mfcribbon-ms</Extensions>
    </Filter>
  </ItemGroup>
  <ItemGroup>
    <ClCompile Include="Engine\GameEngine.cpp">
      <Filter>Исходные файлы</Filter>
    </ClCompile>
    <ClCompile Include="Engine\Components\GameComponent.cpp">
      <Filter>Исходные файлы</Filter>
    </ClCompile>
    <ClCompile Include="Engine\Components\GameObject.cpp">
      <Filter>Исходные файлы</Filter>
    </ClCompile>
    <ClCompile Include="Engine\Components\TransformComponent.cpp">
      <Filter>Исходные файлы</Filter>
    </ClCompile>
    <ClCompile Include="Engine\Components\MeshComponent.cpp">
      <Filter>Исходные файлы</Filter>
    </ClCompile>
    <ClCompile Include="Engine\Components\Mesh.cpp">
      <Filter>Исходные файлы</Filter>
    </ClCompile>
    <ClCompile Include="Engine\Core\EngineCore.cpp">
      <Filter>Исходные файлы</Filter>
    </ClCompile>
    <ClCompile Include="Engine\Core\DisplayWin32.cpp">
      <Filter>Исходные файлы</Filter>
    </ClCompile>
    <ClCompile Include="Engine\Core\WinInput.cpp">
      <Filter>Исходные файлы</Filter>
    </ClCompile>
    <ClCompile Include="Engine\Core\Rendering\RenderPipeline.cpp">
      <Filter>Исходные файлы</Filter>
    </ClCompile>
    <ClCompile Include="Engine\Core\Graphics\Buffer.cpp">
      <Filter>Исходные файлы</Filter>
    </ClCompile>
    <ClCompile Include="Engine\Core\Graphics\Shader.cpp">
      <Filter>Исходные файлы</Filter>
    </ClCompile>
    <ClCompile Include="Engine\Core\Rendering\GBuffer.cpp">
      <Filter>Исходные файлы</Filter>
    </ClCompile>
    <ClCompile Include="Engine\Core\Camera\Camera.cpp">
      <Filter>Исходные файлы</Filter>
    </ClCompile>
    <ClCompile Include="Engine\Core\Camera\CameraController.cpp">
      <Filter>Исходные файлы</Filter>
    </ClCompile>
    <ClCompile Include="Engine\Core\Scene\Scene.cpp">
      <Filter>Исходные файлы</Filter>
    </ClCompile>
    <ClCompile Include="Engine\Systems\RenderSystem\RenderSystem.cpp">
      <Filter>Исходные файлы</Filter>
    </ClCompile>
    <ClCompile Include="Engine\Components\LightComponent.cpp">
      <Filter>Исходные файлы</Filter>
    </ClCompile>
    <ClCompile Include="Engine\Core\Delegates.cpp">
      <Filter>Исходные файлы</Filter>
    </ClCompile>
    <ClCompile Include="Engine\Core\HUD\Hud.cpp">
      <Filter>Исходные файлы</Filter>
    </ClCompile>
    <ClCompile Include="Engine\DirectXSDK\ImGui\imgui.cpp">
      <Filter>Исходные файлы</Filter>
    </ClCompile>
    <ClCompile Include="Engine\DirectXSDK\ImGui\imgui_demo.cpp">
      <Filter>Исходные файлы</Filter>
    </ClCompile>
    <ClCompile Include="Engine\DirectXSDK\ImGui\imgui_draw.cpp">
      <Filter>Исходные файлы</Filter>
    </ClCompile>
    <ClCompile Include="Engine\DirectXSDK\ImGui\imgui_impl_dx11.cpp">
      <Filter>Исходные файлы</Filter>
    </ClCompile>
    <ClCompile Include="Engine\DirectXSDK\ImGui\imgui_impl_win32.cpp">
      <Filter>Исходные файлы</Filter>
    </ClCompile>
    <ClCompile Include="Engine\DirectXSDK\ImGui\imgui_tables.cpp">
      <Filter>Исходные файлы</Filter>
    </ClCompile>
    <ClCompile Include="Engine\DirectXSDK\ImGui\imgui_widgets.cpp">
      <Filter>Исходные файлы</Filter>
    </ClCompile>
    <ClCompile Include="Engine\Core\HUD\Widgets\ViewportWidget.cpp">
      <Filter>Исходные файлы</Filter>
    </ClCompile>
    <ClCompile Include="Engine\Core\Rendering\RenderTarget.cpp">
      <Filter>Исходные файлы</Filter>
    </ClCompile>
    <ClCompile Include="Engine\Core\HUD\Widget.cpp">
      <Filter>Исходные файлы</Filter>
    </ClCompile>
    <ClCompile Include="Engine\Core\HUD\Widgets\HierarchyWidget.cpp">
      <Filter>Исходные файлы</Filter>
    </ClCompile>
    <ClCompile Include="Engine\Core\HUD\Widgets\ContentBrowser.cpp">
      <Filter>Исходные файлы</Filter>
    </ClCompile>
    <ClCompile Include="Engine\DirectXSDK\ImGuizmo\GraphEditor.cpp">
      <Filter>Исходные файлы</Filter>
    </ClCompile>
    <ClCompile Include="Engine\DirectXSDK\ImGuizmo\ImCurveEdit.cpp">
      <Filter>Исходные файлы</Filter>
    </ClCompile>
    <ClCompile Include="Engine\DirectXSDK\ImGuizmo\ImGradient.cpp">
      <Filter>Исходные файлы</Filter>
    </ClCompile>
    <ClCompile Include="Engine\DirectXSDK\ImGuizmo\ImGuizmo.cpp">
      <Filter>Исходные файлы</Filter>
    </ClCompile>
    <ClCompile Include="Engine\DirectXSDK\ImGuizmo\ImSequencer.cpp">
      <Filter>Исходные файлы</Filter>
    </ClCompile>
    <ClCompile Include="Engine\Core\HUD\Widgets\PropertiesWidget.cpp">
      <Filter>Исходные файлы</Filter>
    </ClCompile>
    <ClCompile Include="Engine\Tools\ImageLoader.cpp">
      <Filter>Исходные файлы</Filter>
    </ClCompile>
  </ItemGroup>
  <ItemGroup>
    <ClInclude Include="Engine\Components\GameComponent.h">
      <Filter>Файлы заголовков</Filter>
    </ClInclude>
    <ClInclude Include="Engine\Components\GameObject.h">
      <Filter>Файлы заголовков</Filter>
    </ClInclude>
    <ClInclude Include="Engine\Components\TransformComponent.h">
      <Filter>Файлы заголовков</Filter>
    </ClInclude>
    <ClInclude Include="Engine\Components\MeshComponent.h">
      <Filter>Файлы заголовков</Filter>
    </ClInclude>
    <ClInclude Include="Engine\Components\Mesh.h">
      <Filter>Файлы заголовков</Filter>
    </ClInclude>
    <ClInclude Include="Engine\Core\EngineCore.h">
      <Filter>Файлы заголовков</Filter>
    </ClInclude>
    <ClInclude Include="Engine\Core\DisplayWin32.h">
      <Filter>Файлы заголовков</Filter>
    </ClInclude>
    <ClInclude Include="Engine\Core\WinInput.h">
      <Filter>Файлы заголовков</Filter>
    </ClInclude>
    <ClInclude Include="Engine\Core\Keys.h">
      <Filter>Файлы заголовков</Filter>
    </ClInclude>
    <ClInclude Include="Engine\Core\Rendering\RenderPipeline.h">
      <Filter>Файлы заголовков</Filter>
    </ClInclude>
    <ClInclude Include="Engine\Core\Graphics\Buffer.h">
      <Filter>Файлы заголовков</Filter>
    </ClInclude>
    <ClInclude Include="Engine\Core\Graphics\ConstantBuffer.h">
      <Filter>Файлы заголовков</Filter>
    </ClInclude>
    <ClInclude Include="Engine\Core\Graphics\Material.h">
      <Filter>Файлы заголовков</Filter>
    </ClInclude>
    <ClInclude Include="Engine\Core\Graphics\Shader.h">
      <Filter>Файлы заголовков</Filter>
    </ClInclude>
    <ClInclude Include="Engine\Core\Rendering\Lights\LightType.h">
      <Filter>Файлы заголовков</Filter>
    </ClInclude>
    <ClInclude Include="Engine\Core\Rendering\GBuffer.h">
      <Filter>Файлы заголовков</Filter>
    </ClInclude>
    <ClInclude Include="Engine\Core\Camera\Camera.h">
      <Filter>Файлы заголовков</Filter>
    </ClInclude>
    <ClInclude Include="Engine\Core\Camera\CameraController.h">
      <Filter>Файлы заголовков</Filter>
    </ClInclude>
    <ClInclude Include="Engine\Systems\SystemsEnum.h">
      <Filter>Файлы заголовков</Filter>
    </ClInclude>
    <ClInclude Include="Engine\Core\Scene\Scene.h">
      <Filter>Файлы заголовков</Filter>
    </ClInclude>
    <ClInclude Include="Engine\DirectXSDK\entt\entt.hpp">
      <Filter>Файлы заголовков</Filter>
    </ClInclude>
    <ClInclude Include="Engine\Systems\RenderSystem\RenderSystem.h">
      <Filter>Файлы заголовков</Filter>
    </ClInclude>
    <ClInclude Include="Engine\Components\LightComponent.h">
      <Filter>Файлы заголовков</Filter>
    </ClInclude>
    <ClInclude Include="Engine\Core\Rendering\Lights\LightData.h">
      <Filter>Файлы заголовков</Filter>
    </ClInclude>
    <ClInclude Include="Engine\Core\HUD\Hud.h">
      <Filter>Файлы заголовков</Filter>
    </ClInclude>
    <ClInclude Include="Engine\DirectXSDK\ImGui\imconfig.h">
      <Filter>Файлы заголовков</Filter>
    </ClInclude>
    <ClInclude Include="Engine\DirectXSDK\ImGui\imgui.h">
      <Filter>Файлы заголовков</Filter>
    </ClInclude>
    <ClInclude Include="Engine\DirectXSDK\ImGui\imgui_impl_dx11.h">
      <Filter>Файлы заголовков</Filter>
    </ClInclude>
    <ClInclude Include="Engine\DirectXSDK\ImGui\imgui_impl_win32.h">
      <Filter>Файлы заголовков</Filter>
    </ClInclude>
    <ClInclude Include="Engine\DirectXSDK\ImGui\imgui_internal.h">
      <Filter>Файлы заголовков</Filter>
    </ClInclude>
    <ClInclude Include="Engine\DirectXSDK\ImGui\imstb_rectpack.h">
      <Filter>Файлы заголовков</Filter>
    </ClInclude>
    <ClInclude Include="Engine\DirectXSDK\ImGui\imstb_textedit.h">
      <Filter>Файлы заголовков</Filter>
    </ClInclude>
    <ClInclude Include="Engine\DirectXSDK\ImGui\imstb_truetype.h">
      <Filter>Файлы заголовков</Filter>
    </ClInclude>
    <ClInclude Include="Engine\Core\HUD\Widget.h">
      <Filter>Файлы заголовков</Filter>
    </ClInclude>
    <ClInclude Include="Engine\Core\HUD\Widgets\ViewportWidget.h">
      <Filter>Файлы заголовков</Filter>
    </ClInclude>
    <ClInclude Include="Engine\Core\Rendering\RenderTarget.h">
      <Filter>Файлы заголовков</Filter>
    </ClInclude>
    <ClInclude Include="..\..\..\..\Downloads\stb_image.h">
      <Filter>Файлы заголовков</Filter>
    </ClInclude>
    <ClInclude Include="Engine\Core\HUD\Widgets\HierarchyWidget.h">
      <Filter>Файлы заголовков</Filter>
    </ClInclude>
    <ClInclude Include="Engine\Core\HUD\Widgets\ContentBrowser.h">
      <Filter>Файлы заголовков</Filter>
    </ClInclude>
    <ClInclude Include="Engine\Core\HUD\Widgets\ContentBrowserTypes.h">
      <Filter>Файлы заголовков</Filter>
    </ClInclude>
    <ClInclude Include="Engine\DirectXSDK\ImGuizmo\GraphEditor.h">
      <Filter>Файлы заголовков</Filter>
    </ClInclude>
    <ClInclude Include="Engine\DirectXSDK\ImGuizmo\ImCurveEdit.h">
      <Filter>Файлы заголовков</Filter>
    </ClInclude>
    <ClInclude Include="Engine\DirectXSDK\ImGuizmo\ImGradient.h">
      <Filter>Файлы заголовков</Filter>
    </ClInclude>
    <ClInclude Include="Engine\DirectXSDK\ImGuizmo\ImGuizmo.h">
      <Filter>Файлы заголовков</Filter>
    </ClInclude>
    <ClInclude Include="Engine\DirectXSDK\ImGuizmo\ImSequencer.h">
      <Filter>Файлы заголовков</Filter>
    </ClInclude>
    <ClInclude Include="Engine\DirectXSDK\ImGuizmo\ImZoomSlider.h">
      <Filter>Файлы заголовков</Filter>
    </ClInclude>
    <ClInclude Include="Engine\Core\HUD\Widgets\PropertiesWidget.h">
      <Filter>Файлы заголовков</Filter>
    </ClInclude>
    <ClInclude Include="Engine\Tools\ImageLoader.h">
      <Filter>Файлы заголовков</Filter>
    </ClInclude>
  </ItemGroup>
  <ItemGroup>
    <FxCompile Include="Engine\Core\Rendering\Shaders\OpaqueShader.hlsl" />
    <FxCompile Include="Engine\Core\Rendering\Shaders\PointLightShader.hlsl" />
    <FxCompile Include="Engine\Core\Rendering\Shaders\ShadowShader.hlsl" />
    <FxCompile Include="Engine\Core\Rendering\Shaders\SpotLightShader.hlsl" />
    <FxCompile Include="Engine\Core\Rendering\Shaders\StencilPassShader.hlsl" />
    <FxCompile Include="Engine\Core\Rendering\Shaders\TextureShader.hlsl" />
  </ItemGroup>
  <ItemGroup>
    <None Include="Engine\Core\Rendering\Shaders\LightShader.hlsl" />
    <None Include="Engine\DirectXSDK\ImGui\.editorconfig" />
    <None Include="Engine\DirectXSDK\ImGui\.gitattributes" />
    <None Include="Engine\DirectXSDK\ImGui\.gitignore" />
  </ItemGroup>
</Project>